
Microsoft Visual Studio Solution File, Format Version 12.00
# Visual Studio Version 16
VisualStudioVersion = 16.0.29009.5
MinimumVisualStudioVersion = 10.0.40219.1
Project("{8BC9CEB8-8B4A-11D0-8D11-00A0C91BC942}") = "Lists1", "Lists1\Lists1.vcxproj", "{B34A568A-8F3B-4277-B71A-AEF2AE2A064E}"
EndProject
Project("{8BC9CEB8-8B4A-11D0-8D11-00A0C91BC942}") = "Lists2", "Lists2\Lists2.vcxproj", "{B70F27E9-D589-4981-8259-046B41D80259}"
EndProject
Global
	GlobalSection(SolutionConfigurationPlatforms) = preSolution
		Debug|x64 = Debug|x64
		Debug|x86 = Debug|x86
		Release|x64 = Release|x64
		Release|x86 = Release|x86
	EndGlobalSection
	GlobalSection(ProjectConfigurationPlatforms) = postSolution
		{B34A568A-8F3B-4277-B71A-AEF2AE2A064E}.Debug|x64.ActiveCfg = Debug|x64
		{B34A568A-8F3B-4277-B71A-AEF2AE2A064E}.Debug|x64.Build.0 = Debug|x64
		{B34A568A-8F3B-4277-B71A-AEF2AE2A064E}.Debug|x86.ActiveCfg = Debug|Win32
		{B34A568A-8F3B-4277-B71A-AEF2AE2A064E}.Debug|x86.Build.0 = Debug|Win32
		{B34A568A-8F3B-4277-B71A-AEF2AE2A064E}.Release|x64.ActiveCfg = Release|x64
		{B34A568A-8F3B-4277-B71A-AEF2AE2A064E}.Release|x64.Build.0 = Release|x64
		{B34A568A-8F3B-4277-B71A-AEF2AE2A064E}.Release|x86.ActiveCfg = Release|Win32
		{B34A568A-8F3B-4277-B71A-AEF2AE2A064E}.Release|x86.Build.0 = Release|Win32
		{B70F27E9-D589-4981-8259-046B41D80259}.Debug|x64.ActiveCfg = Debug|x64
		{B70F27E9-D589-4981-8259-046B41D80259}.Debug|x64.Build.0 = Debug|x64
		{B70F27E9-D589-4981-8259-046B41D80259}.Debug|x86.ActiveCfg = Debug|Win32
		{B70F27E9-D589-4981-8259-046B41D80259}.Debug|x86.Build.0 = Debug|Win32
		{B70F27E9-D589-4981-8259-046B41D80259}.Release|x64.ActiveCfg = Release|x64
		{B70F27E9-D589-4981-8259-046B41D80259}.Release|x64.Build.0 = Release|x64
		{B70F27E9-D589-4981-8259-046B41D80259}.Release|x86.ActiveCfg = Release|Win32
		{B70F27E9-D589-4981-8259-046B41D80259}.Release|x86.Build.0 = Release|Win32
	EndGlobalSection
	GlobalSection(SolutionProperties) = preSolution
		HideSolutionNode = FALSE
	EndGlobalSection
	GlobalSection(ExtensibilityGlobals) = postSolution
		SolutionGuid = {0E37F2CD-35B4-409C-A211-292B4B7028DA}
	EndGlobalSection
EndGlobal
